
Microsoft Visual Studio Solution File, Format Version 12.00
# Visual Studio Version 16
VisualStudioVersion = 16.0.29424.173
MinimumVisualStudioVersion = 10.0.40219.1
Project("{9A19103F-16F7-4668-BE54-9A1E7A4F7556}") = "bug_tracker", "bug_tracker.csproj", "{5A32C661-ED3F-422C-8313-D89ACAA821F5}"
EndProject
Global
	GlobalSection(SolutionConfigurationPlatforms) = preSolution
		Debug|Any CPU = Debug|Any CPU
		Release|Any CPU = Release|Any CPU
	EndGlobalSection
	GlobalSection(ProjectConfigurationPlatforms) = postSolution
		{5A32C661-ED3F-422C-8313-D89ACAA821F5}.Debug|Any CPU.ActiveCfg = Debug|Any CPU
		{5A32C661-ED3F-422C-8313-D89ACAA821F5}.Debug|Any CPU.Build.0 = Debug|Any CPU
		{5A32C661-ED3F-422C-8313-D89ACAA821F5}.Release|Any CPU.ActiveCfg = Release|Any CPU
		{5A32C661-ED3F-422C-8313-D89ACAA821F5}.Release|Any CPU.Build.0 = Release|Any CPU
	EndGlobalSection
	GlobalSection(SolutionProperties) = preSolution
		HideSolutionNode = FALSE
	EndGlobalSection
	GlobalSection(ExtensibilityGlobals) = postSolution
		SolutionGuid = {01E80B28-4830-4F29-BD7F-2749343EAA07}
	EndGlobalSection
EndGlobal
